PODS:
  - Alamofire (5.0.0-beta.3)
  - AlamofireObjectMapper (6.0.0):
    - Alamofire (~> 5.0.0-beta.2)
    - ObjectMapper (~> 3.4)
  - ObjectMapper (3.4.2)
  - Realm (3.14.2):
    - Realm/Headers (= 3.14.2)
  - Realm/Headers (3.14.2)
  - RealmSwift (3.14.2):
    - Realm (= 3.14.2)
  - RxCocoa (4.5.0):
    - RxSwift (>= 4.4.2, ~> 4.4)
  - RxSwift (4.5.0)
  - Simple-KeychainSwift (4.0.1)
  - SwiftLint (0.32.0)

DEPENDENCIES:
  - Alamofire (= 5.0.0-beta.3)
  - AlamofireObjectMapper
  - RealmSwift
  - RxCocoa
  - RxSwift
  - Simple-KeychainSwift
  - SwiftLint

SPEC REPOS:
  https://github.com/cocoapods/specs.git:
    - Alamofire
    - AlamofireObjectMapper
    - ObjectMapper
    - Realm
    - RealmSwift
    - RxCocoa
    - RxSwift
    - Simple-KeychainSwift
    - SwiftLint

SPEC CHECKSUMS:
  Alamofire: 50d6fa7e8cbe7f84559e86ab641ffd029db655f8
  AlamofireObjectMapper: 8cf0e01a1b36b485877033f8f6aa733977488da3
  ObjectMapper: 0d4402610f4e468903ae64629eec4784531e5c51
  Realm: 179c6706e3a49dbfe112e572fd3c03d3169bea35
  RealmSwift: 1797f272fb51c555b764fada32e82159a2c65247
  RxCocoa: cbf70265dc65a981d4ac982e513c10cf23df24a0
  RxSwift: f172070dfd1a93d70a9ab97a5a01166206e1c575
  Simple-KeychainSwift: b13dbd5a2ef596892dab650478d02a341a996bac
  SwiftLint: 009a898ef2a1c851f45e1b59349bf6ff2ddc990d

PODFILE CHECKSUM: 89701ee2379a5f9cbe92389e04fc3947a3fc06d2

COCOAPODS: 1.5.3
