// !$*UTF8*$!
{
	archiveVersion = 1;
	classes = {
	};
	objectVersion = 50;
	objects = {

/* Begin PBXBuildFile section */
		1EE889FD9EB3C7A5751E9DC5 /* Pods_JourTrip.framework in Frameworks */ = {isa = PBXBuildFile; fileRef = 96928EB2A9A7CEB7190FBB3B /* Pods_JourTrip.framework */; };
		20392471227B777D0061E59B /* LoginViewController.xib in Resources */ = {isa = PBXBuildFile; fileRef = 20392470227B777D0061E59B /* LoginViewController.xib */; };
		20392473227B81330061E59B /* LoginViewModel.swift in Sources */ = {isa = PBXBuildFile; fileRef = 20392472227B81320061E59B /* LoginViewModel.swift */; };
		208A16F2227B761B00E36CDF /* LoginViewController.swift in Sources */ = {isa = PBXBuildFile; fileRef = 208A16F1227B761B00E36CDF /* LoginViewController.swift */; };
		2099536E2286D0DD006D6346 /* LoginService.swift in Sources */ = {isa = PBXBuildFile; fileRef = 2099536D2286D0DD006D6346 /* LoginService.swift */; };
		209953702286D10D006D6346 /* LoginValidator.swift in Sources */ = {isa = PBXBuildFile; fileRef = 2099536F2286D10D006D6346 /* LoginValidator.swift */; };
		209953782286D374006D6346 /* JourTripTests.swift in Sources */ = {isa = PBXBuildFile; fileRef = 209953772286D374006D6346 /* JourTripTests.swift */; };
		209953802286D403006D6346 /* LoginValidatorTests.swift in Sources */ = {isa = PBXBuildFile; fileRef = 2099537F2286D403006D6346 /* LoginValidatorTests.swift */; };
		2099538522888114006D6346 /* InitialViewController.swift in Sources */ = {isa = PBXBuildFile; fileRef = 2099538322888114006D6346 /* InitialViewController.swift */; };
		2099538622888114006D6346 /* InitialViewController.xib in Resources */ = {isa = PBXBuildFile; fileRef = 2099538422888114006D6346 /* InitialViewController.xib */; };
		2099539A22888E77006D6346 /* Apercu Bold Italic.otf in Resources */ = {isa = PBXBuildFile; fileRef = 2099539122888E6F006D6346 /* Apercu Bold Italic.otf */; };
		2099539B22888E77006D6346 /* Apercu Bold.otf in Resources */ = {isa = PBXBuildFile; fileRef = 2099538E22888E6E006D6346 /* Apercu Bold.otf */; };
		2099539C22888E77006D6346 /* Apercu Italic.otf in Resources */ = {isa = PBXBuildFile; fileRef = 2099538F22888E6E006D6346 /* Apercu Italic.otf */; };
		2099539D22888E77006D6346 /* Apercu Light Italic.otf in Resources */ = {isa = PBXBuildFile; fileRef = 2099539422888E6F006D6346 /* Apercu Light Italic.otf */; };
		2099539E22888E77006D6346 /* Apercu Light.otf in Resources */ = {isa = PBXBuildFile; fileRef = 2099538C22888E6E006D6346 /* Apercu Light.otf */; };
		2099539F22888E77006D6346 /* Apercu Medium Italic.otf in Resources */ = {isa = PBXBuildFile; fileRef = 2099539722888E6F006D6346 /* Apercu Medium Italic.otf */; };
		209953A022888E77006D6346 /* Apercu Medium.otf in Resources */ = {isa = PBXBuildFile; fileRef = 2099539322888E6F006D6346 /* Apercu Medium.otf */; };
		209953A122888E77006D6346 /* Apercu Mono.otf in Resources */ = {isa = PBXBuildFile; fileRef = 2099538D22888E6E006D6346 /* Apercu Mono.otf */; };
		209953A222888E77006D6346 /* Apercu Pro Bold Italic.otf in Resources */ = {isa = PBXBuildFile; fileRef = 2099539522888E6F006D6346 /* Apercu Pro Bold Italic.otf */; };
		209953A322888E77006D6346 /* Apercu Pro Bold.otf in Resources */ = {isa = PBXBuildFile; fileRef = 2099539922888E6F006D6346 /* Apercu Pro Bold.otf */; };
		209953A422888E77006D6346 /* Apercu Pro Italic.otf in Resources */ = {isa = PBXBuildFile; fileRef = 2099539222888E6F006D6346 /* Apercu Pro Italic.otf */; };
		209953A522888E77006D6346 /* Apercu Pro Light Italic.otf in Resources */ = {isa = PBXBuildFile; fileRef = 2099538A22888E6E006D6346 /* Apercu Pro Light Italic.otf */; };
		209953A622888E77006D6346 /* Apercu Pro Light.otf in Resources */ = {isa = PBXBuildFile; fileRef = 2099538B22888E6E006D6346 /* Apercu Pro Light.otf */; };
		209953A722888E77006D6346 /* Apercu Pro Medium Italic.otf in Resources */ = {isa = PBXBuildFile; fileRef = 2099539022888E6E006D6346 /* Apercu Pro Medium Italic.otf */; };
		209953A822888E77006D6346 /* Apercu Pro Medium.otf in Resources */ = {isa = PBXBuildFile; fileRef = 2099538922888E6E006D6346 /* Apercu Pro Medium.otf */; };
		209953A922888E77006D6346 /* Apercu Pro Mono.otf in Resources */ = {isa = PBXBuildFile; fileRef = 2099538822888E6E006D6346 /* Apercu Pro Mono.otf */; };
		209953AA22888E77006D6346 /* Apercu Pro Regular.otf in Resources */ = {isa = PBXBuildFile; fileRef = 2099539622888E6F006D6346 /* Apercu Pro Regular.otf */; };
		209953AB22888E77006D6346 /* Apercu Regular.otf in Resources */ = {isa = PBXBuildFile; fileRef = 2099539822888E6F006D6346 /* Apercu Regular.otf */; };
		209953B02288941C006D6346 /* LoginNavigator.swift in Sources */ = {isa = PBXBuildFile; fileRef = 209953AF2288941C006D6346 /* LoginNavigator.swift */; };
		209953B22288965C006D6346 /* InitialViewModel.swift in Sources */ = {isa = PBXBuildFile; fileRef = 209953B12288965C006D6346 /* InitialViewModel.swift */; };
		209953B422889872006D6346 /* App.swift in Sources */ = {isa = PBXBuildFile; fileRef = 209953B322889872006D6346 /* App.swift */; };
		209953B72288A619006D6346 /* AppAssembly.swift in Sources */ = {isa = PBXBuildFile; fileRef = 209953B62288A619006D6346 /* AppAssembly.swift */; };
		209953BA2288A641006D6346 /* InitialAssembly.swift in Sources */ = {isa = PBXBuildFile; fileRef = 209953B92288A641006D6346 /* InitialAssembly.swift */; };
		209953BD2288A7B0006D6346 /* LoginAssembly.swift in Sources */ = {isa = PBXBuildFile; fileRef = 209953BC2288A7B0006D6346 /* LoginAssembly.swift */; };
		209953C42288AAAE006D6346 /* SignUpViewController.swift in Sources */ = {isa = PBXBuildFile; fileRef = 209953C22288AAAE006D6346 /* SignUpViewController.swift */; };
		209953C52288AAAE006D6346 /* SignUpViewController.xib in Resources */ = {isa = PBXBuildFile; fileRef = 209953C32288AAAE006D6346 /* SignUpViewController.xib */; };
		209953C72288AB1F006D6346 /* CustomTextField.swift in Sources */ = {isa = PBXBuildFile; fileRef = 209953C62288AB1F006D6346 /* CustomTextField.swift */; };
		209953C92288AE0A006D6346 /* SignUpNavigator.swift in Sources */ = {isa = PBXBuildFile; fileRef = 209953C82288AE0A006D6346 /* SignUpNavigator.swift */; };
		209953CB2288AE8A006D6346 /* SignUpAssembly.swift in Sources */ = {isa = PBXBuildFile; fileRef = 209953CA2288AE8A006D6346 /* SignUpAssembly.swift */; };
		20A10D202295DE2A00D06660 /* TabBarAssembly.swift in Sources */ = {isa = PBXBuildFile; fileRef = 20A10D1F2295DE2A00D06660 /* TabBarAssembly.swift */; };
		20A10D232295DE7700D06660 /* TabBarNavigator.swift in Sources */ = {isa = PBXBuildFile; fileRef = 20A10D222295DE7700D06660 /* TabBarNavigator.swift */; };
		20A10D252299E71100D06660 /* SignUpViewModel.swift in Sources */ = {isa = PBXBuildFile; fileRef = 20A10D242299E71100D06660 /* SignUpViewModel.swift */; };
		20A10D282299E7B700D06660 /* RegisterService.swift in Sources */ = {isa = PBXBuildFile; fileRef = 20A10D272299E7B700D06660 /* RegisterService.swift */; };
		20A10D2A2299E7D600D06660 /* SignUpValidator.swift in Sources */ = {isa = PBXBuildFile; fileRef = 20A10D292299E7D600D06660 /* SignUpValidator.swift */; };
		AC127E72226F9CEB0004C0F1 /* AppDelegate.swift in Sources */ = {isa = PBXBuildFile; fileRef = AC127E71226F9CEB0004C0F1 /* AppDelegate.swift */; };
		AC127E74226F9CEB0004C0F1 /* ViewController.swift in Sources */ = {isa = PBXBuildFile; fileRef = AC127E73226F9CEB0004C0F1 /* ViewController.swift */; };
		AC127E79226F9CED0004C0F1 /* Assets.xcassets in Resources */ = {isa = PBXBuildFile; fileRef = AC127E78226F9CED0004C0F1 /* Assets.xcassets */; };
		AC127E7C226F9CED0004C0F1 /* LaunchScreen.storyboard in Resources */ = {isa = PBXBuildFile; fileRef = AC127E7A226F9CED0004C0F1 /* LaunchScreen.storyboard */; };
		AC40929A2272517200BB6F0E /* ConstantNetworking.swift in Sources */ = {isa = PBXBuildFile; fileRef = AC4092992272517200BB6F0E /* ConstantNetworking.swift */; };
		AC40929C2272528600BB6F0E /* ServiceProxy.swift in Sources */ = {isa = PBXBuildFile; fileRef = AC40929B2272528600BB6F0E /* ServiceProxy.swift */; };
		AC40929E2272530200BB6F0E /* ServiceError.swift in Sources */ = {isa = PBXBuildFile; fileRef = AC40929D2272530200BB6F0E /* ServiceError.swift */; };
		AC42435F2291F83E008111FB /* MainTabBarController.swift in Sources */ = {isa = PBXBuildFile; fileRef = AC42435E2291F83E008111FB /* MainTabBarController.swift */; };
		AC42437922934139008111FB /* SearchViewController.swift in Sources */ = {isa = PBXBuildFile; fileRef = AC42437822934139008111FB /* SearchViewController.swift */; };
		ACB0F31222735A6F006EB545 /* BaseViewController.swift in Sources */ = {isa = PBXBuildFile; fileRef = ACB0F31122735A6F006EB545 /* BaseViewController.swift */; };
		ACB0F31622735D9A006EB545 /* DataManager.swift in Sources */ = {isa = PBXBuildFile; fileRef = ACB0F31522735D9A006EB545 /* DataManager.swift */; };
		ACB0F31822747C41006EB545 /* User.swift in Sources */ = {isa = PBXBuildFile; fileRef = ACB0F31722747C41006EB545 /* User.swift */; };
		ACB0F31C2277A1CA006EB545 /* Locations.swift in Sources */ = {isa = PBXBuildFile; fileRef = ACB0F31B2277A1CA006EB545 /* Locations.swift */; };
		ACDF9A54226FA44800B65291 /* UserRealm.swift in Sources */ = {isa = PBXBuildFile; fileRef = ACDF9A53226FA44800B65291 /* UserRealm.swift */; };
		ACDF9A58226FA86800B65291 /* Comment.swift in Sources */ = {isa = PBXBuildFile; fileRef = ACDF9A57226FA86800B65291 /* Comment.swift */; };
/* End PBXBuildFile section */

/* Begin PBXContainerItemProxy section */
		2099537A2286D374006D6346 /* PBXContainerItemProxy */ = {
			isa = PBXContainerItemProxy;
			containerPortal = AC127E66226F9CEB0004C0F1 /* Project object */;
			proxyType = 1;
			remoteGlobalIDString = AC127E6D226F9CEB0004C0F1;
			remoteInfo = JourTrip;
		};
/* End PBXContainerItemProxy section */

/* Begin PBXFileReference section */
		20392470227B777D0061E59B /* LoginViewController.xib */ = {isa = PBXFileReference; lastKnownFileType = file.xib; path = LoginViewController.xib; sourceTree = "<group>"; };
		20392472227B81320061E59B /* LoginViewModel.swift */ = {isa = PBXFileReference; lastKnownFileType = sourcecode.swift; path = LoginViewModel.swift; sourceTree = "<group>"; };
		208A16F1227B761B00E36CDF /* LoginViewController.swift */ = {isa = PBXFileReference; lastKnownFileType = sourcecode.swift; path = LoginViewController.swift; sourceTree = "<group>"; };
		2099536D2286D0DD006D6346 /* LoginService.swift */ = {isa = PBXFileReference; lastKnownFileType = sourcecode.swift; path = LoginService.swift; sourceTree = "<group>"; };
		2099536F2286D10D006D6346 /* LoginValidator.swift */ = {isa = PBXFileReference; lastKnownFileType = sourcecode.swift; path = LoginValidator.swift; sourceTree = "<group>"; };
		209953752286D374006D6346 /* JourTripTests.xctest */ = {isa = PBXFileReference; explicitFileType = wrapper.cfbundle; includeInIndex = 0; path = JourTripTests.xctest; sourceTree = BUILT_PRODUCTS_DIR; };
		209953772286D374006D6346 /* JourTripTests.swift */ = {isa = PBXFileReference; lastKnownFileType = sourcecode.swift; path = JourTripTests.swift; sourceTree = "<group>"; };
		209953792286D374006D6346 /* Info.plist */ = {isa = PBXFileReference; lastKnownFileType = text.plist.xml; path = Info.plist; sourceTree = "<group>"; };
		2099537F2286D403006D6346 /* LoginValidatorTests.swift */ = {isa = PBXFileReference; lastKnownFileType = sourcecode.swift; path = LoginValidatorTests.swift; sourceTree = "<group>"; };
		2099538322888114006D6346 /* InitialViewController.swift */ = {isa = PBXFileReference; lastKnownFileType = sourcecode.swift; path = InitialViewController.swift; sourceTree = "<group>"; };
		2099538422888114006D6346 /* InitialViewController.xib */ = {isa = PBXFileReference; lastKnownFileType = file.xib; path = InitialViewController.xib; sourceTree = "<group>"; };
		2099538822888E6E006D6346 /* Apercu Pro Mono.otf */ = {isa = PBXFileReference; lastKnownFileType = file; path = "Apercu Pro Mono.otf"; sourceTree = "<group>"; };
		2099538922888E6E006D6346 /* Apercu Pro Medium.otf */ = {isa = PBXFileReference; lastKnownFileType = file; path = "Apercu Pro Medium.otf"; sourceTree = "<group>"; };
		2099538A22888E6E006D6346 /* Apercu Pro Light Italic.otf */ = {isa = PBXFileReference; lastKnownFileType = file; path = "Apercu Pro Light Italic.otf"; sourceTree = "<group>"; };
		2099538B22888E6E006D6346 /* Apercu Pro Light.otf */ = {isa = PBXFileReference; lastKnownFileType = file; path = "Apercu Pro Light.otf"; sourceTree = "<group>"; };
		2099538C22888E6E006D6346 /* Apercu Light.otf */ = {isa = PBXFileReference; lastKnownFileType = file; path = "Apercu Light.otf"; sourceTree = "<group>"; };
		2099538D22888E6E006D6346 /* Apercu Mono.otf */ = {isa = PBXFileReference; lastKnownFileType = file; path = "Apercu Mono.otf"; sourceTree = "<group>"; };
		2099538E22888E6E006D6346 /* Apercu Bold.otf */ = {isa = PBXFileReference; lastKnownFileType = file; path = "Apercu Bold.otf"; sourceTree = "<group>"; };
		2099538F22888E6E006D6346 /* Apercu Italic.otf */ = {isa = PBXFileReference; lastKnownFileType = file; path = "Apercu Italic.otf"; sourceTree = "<group>"; };
		2099539022888E6E006D6346 /* Apercu Pro Medium Italic.otf */ = {isa = PBXFileReference; lastKnownFileType = file; path = "Apercu Pro Medium Italic.otf"; sourceTree = "<group>"; };
		2099539122888E6F006D6346 /* Apercu Bold Italic.otf */ = {isa = PBXFileReference; lastKnownFileType = file; path = "Apercu Bold Italic.otf"; sourceTree = "<group>"; };
		2099539222888E6F006D6346 /* Apercu Pro Italic.otf */ = {isa = PBXFileReference; lastKnownFileType = file; path = "Apercu Pro Italic.otf"; sourceTree = "<group>"; };
		2099539322888E6F006D6346 /* Apercu Medium.otf */ = {isa = PBXFileReference; lastKnownFileType = file; path = "Apercu Medium.otf"; sourceTree = "<group>"; };
		2099539422888E6F006D6346 /* Apercu Light Italic.otf */ = {isa = PBXFileReference; lastKnownFileType = file; path = "Apercu Light Italic.otf"; sourceTree = "<group>"; };
		2099539522888E6F006D6346 /* Apercu Pro Bold Italic.otf */ = {isa = PBXFileReference; lastKnownFileType = file; path = "Apercu Pro Bold Italic.otf"; sourceTree = "<group>"; };
		2099539622888E6F006D6346 /* Apercu Pro Regular.otf */ = {isa = PBXFileReference; lastKnownFileType = file; path = "Apercu Pro Regular.otf"; sourceTree = "<group>"; };
		2099539722888E6F006D6346 /* Apercu Medium Italic.otf */ = {isa = PBXFileReference; lastKnownFileType = file; path = "Apercu Medium Italic.otf"; sourceTree = "<group>"; };
		2099539822888E6F006D6346 /* Apercu Regular.otf */ = {isa = PBXFileReference; lastKnownFileType = file; path = "Apercu Regular.otf"; sourceTree = "<group>"; };
		2099539922888E6F006D6346 /* Apercu Pro Bold.otf */ = {isa = PBXFileReference; lastKnownFileType = file; path = "Apercu Pro Bold.otf"; sourceTree = "<group>"; };
		209953AF2288941C006D6346 /* LoginNavigator.swift */ = {isa = PBXFileReference; lastKnownFileType = sourcecode.swift; path = LoginNavigator.swift; sourceTree = "<group>"; };
		209953B12288965C006D6346 /* InitialViewModel.swift */ = {isa = PBXFileReference; lastKnownFileType = sourcecode.swift; path = InitialViewModel.swift; sourceTree = "<group>"; };
		209953B322889872006D6346 /* App.swift */ = {isa = PBXFileReference; lastKnownFileType = sourcecode.swift; path = App.swift; sourceTree = "<group>"; };
		209953B62288A619006D6346 /* AppAssembly.swift */ = {isa = PBXFileReference; lastKnownFileType = sourcecode.swift; path = AppAssembly.swift; sourceTree = "<group>"; };
		209953B92288A641006D6346 /* InitialAssembly.swift */ = {isa = PBXFileReference; lastKnownFileType = sourcecode.swift; path = InitialAssembly.swift; sourceTree = "<group>"; };
		209953BC2288A7B0006D6346 /* LoginAssembly.swift */ = {isa = PBXFileReference; lastKnownFileType = sourcecode.swift; path = LoginAssembly.swift; sourceTree = "<group>"; };
		209953C22288AAAE006D6346 /* SignUpViewController.swift */ = {isa = PBXFileReference; lastKnownFileType = sourcecode.swift; path = SignUpViewController.swift; sourceTree = "<group>"; };
		209953C32288AAAE006D6346 /* SignUpViewController.xib */ = {isa = PBXFileReference; lastKnownFileType = file.xib; path = SignUpViewController.xib; sourceTree = "<group>"; };
		209953C62288AB1F006D6346 /* CustomTextField.swift */ = {isa = PBXFileReference; lastKnownFileType = sourcecode.swift; path = CustomTextField.swift; sourceTree = "<group>"; };
		209953C82288AE0A006D6346 /* SignUpNavigator.swift */ = {isa = PBXFileReference; lastKnownFileType = sourcecode.swift; path = SignUpNavigator.swift; sourceTree = "<group>"; };
		209953CA2288AE8A006D6346 /* SignUpAssembly.swift */ = {isa = PBXFileReference; lastKnownFileType = sourcecode.swift; path = SignUpAssembly.swift; sourceTree = "<group>"; };
		20A10D1F2295DE2A00D06660 /* TabBarAssembly.swift */ = {isa = PBXFileReference; lastKnownFileType = sourcecode.swift; path = TabBarAssembly.swift; sourceTree = "<group>"; };
		20A10D222295DE7700D06660 /* TabBarNavigator.swift */ = {isa = PBXFileReference; lastKnownFileType = sourcecode.swift; path = TabBarNavigator.swift; sourceTree = "<group>"; };
		20A10D242299E71100D06660 /* SignUpViewModel.swift */ = {isa = PBXFileReference; lastKnownFileType = sourcecode.swift; path = SignUpViewModel.swift; sourceTree = "<group>"; };
		20A10D272299E7B700D06660 /* RegisterService.swift */ = {isa = PBXFileReference; lastKnownFileType = sourcecode.swift; path = RegisterService.swift; sourceTree = "<group>"; };
		20A10D292299E7D600D06660 /* SignUpValidator.swift */ = {isa = PBXFileReference; lastKnownFileType = sourcecode.swift; path = SignUpValidator.swift; sourceTree = "<group>"; };
		7601EB44264E119BE80FD9F8 /* Pods-JourTrip.release.xcconfig */ = {isa = PBXFileReference; includeInIndex = 1; lastKnownFileType = text.xcconfig; name = "Pods-JourTrip.release.xcconfig"; path = "Pods/Target Support Files/Pods-JourTrip/Pods-JourTrip.release.xcconfig"; sourceTree = "<group>"; };
		7A4746DF6691D7F14CEA9756 /* Pods-JourTrip.debug.xcconfig */ = {isa = PBXFileReference; includeInIndex = 1; lastKnownFileType = text.xcconfig; name = "Pods-JourTrip.debug.xcconfig"; path = "Pods/Target Support Files/Pods-JourTrip/Pods-JourTrip.debug.xcconfig"; sourceTree = "<group>"; };
		96928EB2A9A7CEB7190FBB3B /* Pods_JourTrip.framework */ = {isa = PBXFileReference; explicitFileType = wrapper.framework; includeInIndex = 0; path = Pods_JourTrip.framework; sourceTree = BUILT_PRODUCTS_DIR; };
		AC127E6E226F9CEB0004C0F1 /* JourTrip.app */ = {isa = PBXFileReference; explicitFileType = wrapper.application; includeInIndex = 0; path = JourTrip.app; sourceTree = BUILT_PRODUCTS_DIR; };
		AC127E71226F9CEB0004C0F1 /* AppDelegate.swift */ = {isa = PBXFileReference; lastKnownFileType = sourcecode.swift; path = AppDelegate.swift; sourceTree = "<group>"; };
		AC127E73226F9CEB0004C0F1 /* ViewController.swift */ = {isa = PBXFileReference; lastKnownFileType = sourcecode.swift; path = ViewController.swift; sourceTree = "<group>"; };
		AC127E78226F9CED0004C0F1 /* Assets.xcassets */ = {isa = PBXFileReference; lastKnownFileType = folder.assetcatalog; path = Assets.xcassets; sourceTree = "<group>"; };
		AC127E7B226F9CED0004C0F1 /* Base */ = {isa = PBXFileReference; lastKnownFileType = file.storyboard; name = Base; path = Base.lproj/LaunchScreen.storyboard; sourceTree = "<group>"; };
		AC127E7D226F9CED0004C0F1 /* Info.plist */ = {isa = PBXFileReference; lastKnownFileType = text.plist.xml; path = Info.plist; sourceTree = "<group>"; };
		AC4092992272517200BB6F0E /* ConstantNetworking.swift */ = {isa = PBXFileReference; lastKnownFileType = sourcecode.swift; path = ConstantNetworking.swift; sourceTree = "<group>"; };
		AC40929B2272528600BB6F0E /* ServiceProxy.swift */ = {isa = PBXFileReference; lastKnownFileType = sourcecode.swift; path = ServiceProxy.swift; sourceTree = "<group>"; };
		AC40929D2272530200BB6F0E /* ServiceError.swift */ = {isa = PBXFileReference; lastKnownFileType = sourcecode.swift; path = ServiceError.swift; sourceTree = "<group>"; };
		AC42435E2291F83E008111FB /* MainTabBarController.swift */ = {isa = PBXFileReference; lastKnownFileType = sourcecode.swift; path = MainTabBarController.swift; sourceTree = "<group>"; };
		AC42437822934139008111FB /* SearchViewController.swift */ = {isa = PBXFileReference; lastKnownFileType = sourcecode.swift; path = SearchViewController.swift; sourceTree = "<group>"; };
		ACB0F31122735A6F006EB545 /* BaseViewController.swift */ = {isa = PBXFileReference; lastKnownFileType = sourcecode.swift; path = BaseViewController.swift; sourceTree = "<group>"; };
		ACB0F31522735D9A006EB545 /* DataManager.swift */ = {isa = PBXFileReference; lastKnownFileType = sourcecode.swift; path = DataManager.swift; sourceTree = "<group>"; };
		ACB0F31722747C41006EB545 /* User.swift */ = {isa = PBXFileReference; lastKnownFileType = sourcecode.swift; path = User.swift; sourceTree = "<group>"; };
		ACB0F31B2277A1CA006EB545 /* Locations.swift */ = {isa = PBXFileReference; lastKnownFileType = sourcecode.swift; path = Locations.swift; sourceTree = "<group>"; };
		ACDF9A53226FA44800B65291 /* UserRealm.swift */ = {isa = PBXFileReference; lastKnownFileType = sourcecode.swift; path = UserRealm.swift; sourceTree = "<group>"; };
		ACDF9A57226FA86800B65291 /* Comment.swift */ = {isa = PBXFileReference; lastKnownFileType = sourcecode.swift; path = Comment.swift; sourceTree = "<group>"; };
/* End PBXFileReference section */

/* Begin PBXFrameworksBuildPhase section */
		209953722286D374006D6346 /* Frameworks */ = {
			isa = PBXFrameworksBuildPhase;
			buildActionMask = 2147483647;
			files = (
			);
			runOnlyForDeploymentPostprocessing = 0;
		};
		AC127E6B226F9CEB0004C0F1 /* Frameworks */ = {
			isa = PBXFrameworksBuildPhase;
			buildActionMask = 2147483647;
			files = (
				1EE889FD9EB3C7A5751E9DC5 /* Pods_JourTrip.framework in Frameworks */,
			);
			runOnlyForDeploymentPostprocessing = 0;
		};
/* End PBXFrameworksBuildPhase section */

/* Begin PBXGroup section */
		2050BE8A2295DD980031B903 /* Tab Bar */ = {
			isa = PBXGroup;
			children = (
				20A10D1D2295DDF900D06660 /* DI */,
				20A10D212295DE6A00D06660 /* Navigator */,
				20A10D1E2295DDFF00D06660 /* Presentation */,
			);
			path = "Tab Bar";
			sourceTree = "<group>";
		};
		208A16EE227B75E000E36CDF /* Scenes */ = {
			isa = PBXGroup;
			children = (
				2050BE8A2295DD980031B903 /* Tab Bar */,
				20995381228880EB006D6346 /* Initial */,
				2099536B2286CE18006D6346 /* Login */,
				209953BE2288AA72006D6346 /* SignUp */,
				209953C62288AB1F006D6346 /* CustomTextField.swift */,
			);
			path = Scenes;
			sourceTree = "<group>";
		};
		208A16EF227B75EF00E36CDF /* Presentation */ = {
			isa = PBXGroup;
			children = (
				208A16F1227B761B00E36CDF /* LoginViewController.swift */,
				20392470227B777D0061E59B /* LoginViewController.xib */,
				20392472227B81320061E59B /* LoginViewModel.swift */,
			);
			path = Presentation;
			sourceTree = "<group>";
		};
		2099536B2286CE18006D6346 /* Login */ = {
			isa = PBXGroup;
			children = (
				209953BB2288A7A6006D6346 /* DI */,
				2099536C2286D0BA006D6346 /* Use Cases */,
				208A16EF227B75EF00E36CDF /* Presentation */,
				209953AE22889405006D6346 /* Navigator */,
			);
			path = Login;
			sourceTree = "<group>";
		};
		2099536C2286D0BA006D6346 /* Use Cases */ = {
			isa = PBXGroup;
			children = (
				2099536D2286D0DD006D6346 /* LoginService.swift */,
				2099536F2286D10D006D6346 /* LoginValidator.swift */,
			);
			path = "Use Cases";
			sourceTree = "<group>";
		};
		209953762286D374006D6346 /* JourTripTests */ = {
			isa = PBXGroup;
			children = (
				209953772286D374006D6346 /* JourTripTests.swift */,
				209953792286D374006D6346 /* Info.plist */,
				2099537F2286D403006D6346 /* LoginValidatorTests.swift */,
			);
			path = JourTripTests;
			sourceTree = "<group>";
		};
		20995381228880EB006D6346 /* Initial */ = {
			isa = PBXGroup;
			children = (
				209953B82288A638006D6346 /* DI */,
				20995382228880F3006D6346 /* Presentation */,
			);
			path = Initial;
			sourceTree = "<group>";
		};
		20995382228880F3006D6346 /* Presentation */ = {
			isa = PBXGroup;
			children = (
				2099538322888114006D6346 /* InitialViewController.swift */,
				2099538422888114006D6346 /* InitialViewController.xib */,
				209953B12288965C006D6346 /* InitialViewModel.swift */,
			);
			path = Presentation;
			sourceTree = "<group>";
		};
		2099538722888E1B006D6346 /* Fonts */ = {
			isa = PBXGroup;
			children = (
				2099539122888E6F006D6346 /* Apercu Bold Italic.otf */,
				2099538E22888E6E006D6346 /* Apercu Bold.otf */,
				2099538F22888E6E006D6346 /* Apercu Italic.otf */,
				2099539422888E6F006D6346 /* Apercu Light Italic.otf */,
				2099538C22888E6E006D6346 /* Apercu Light.otf */,
				2099539722888E6F006D6346 /* Apercu Medium Italic.otf */,
				2099539322888E6F006D6346 /* Apercu Medium.otf */,
				2099538D22888E6E006D6346 /* Apercu Mono.otf */,
				2099539522888E6F006D6346 /* Apercu Pro Bold Italic.otf */,
				2099539922888E6F006D6346 /* Apercu Pro Bold.otf */,
				2099539222888E6F006D6346 /* Apercu Pro Italic.otf */,
				2099538A22888E6E006D6346 /* Apercu Pro Light Italic.otf */,
				2099538B22888E6E006D6346 /* Apercu Pro Light.otf */,
				2099539022888E6E006D6346 /* Apercu Pro Medium Italic.otf */,
				2099538922888E6E006D6346 /* Apercu Pro Medium.otf */,
				2099538822888E6E006D6346 /* Apercu Pro Mono.otf */,
				2099539622888E6F006D6346 /* Apercu Pro Regular.otf */,
				2099539822888E6F006D6346 /* Apercu Regular.otf */,
			);
			path = Fonts;
			sourceTree = "<group>";
		};
		209953AE22889405006D6346 /* Navigator */ = {
			isa = PBXGroup;
			children = (
				209953AF2288941C006D6346 /* LoginNavigator.swift */,
			);
			path = Navigator;
			sourceTree = "<group>";
		};
		209953B52288A5F7006D6346 /* DI */ = {
			isa = PBXGroup;
			children = (
				209953B62288A619006D6346 /* AppAssembly.swift */,
			);
			path = DI;
			sourceTree = "<group>";
		};
		209953B82288A638006D6346 /* DI */ = {
			isa = PBXGroup;
			children = (
				209953B92288A641006D6346 /* InitialAssembly.swift */,
			);
			path = DI;
			sourceTree = "<group>";
		};
		209953BB2288A7A6006D6346 /* DI */ = {
			isa = PBXGroup;
			children = (
				209953BC2288A7B0006D6346 /* LoginAssembly.swift */,
			);
			path = DI;
			sourceTree = "<group>";
		};
		209953BE2288AA72006D6346 /* SignUp */ = {
			isa = PBXGroup;
			children = (
				209953BF2288AA87006D6346 /* DI */,
				20A10D262299E75300D06660 /* New Group */,
				209953C02288AA8B006D6346 /* Presentation */,
				209953C12288AA91006D6346 /* Navigator */,
			);
			path = SignUp;
			sourceTree = "<group>";
		};
		209953BF2288AA87006D6346 /* DI */ = {
			isa = PBXGroup;
			children = (
				209953CA2288AE8A006D6346 /* SignUpAssembly.swift */,
			);
			path = DI;
			sourceTree = "<group>";
		};
		209953C02288AA8B006D6346 /* Presentation */ = {
			isa = PBXGroup;
			children = (
				209953C22288AAAE006D6346 /* SignUpViewController.swift */,
				209953C32288AAAE006D6346 /* SignUpViewController.xib */,
				20A10D242299E71100D06660 /* SignUpViewModel.swift */,
			);
			path = Presentation;
			sourceTree = "<group>";
		};
		209953C12288AA91006D6346 /* Navigator */ = {
			isa = PBXGroup;
			children = (
				209953C82288AE0A006D6346 /* SignUpNavigator.swift */,
			);
			path = Navigator;
			sourceTree = "<group>";
		};
		20A10D1D2295DDF900D06660 /* DI */ = {
			isa = PBXGroup;
			children = (
				20A10D1F2295DE2A00D06660 /* TabBarAssembly.swift */,
			);
			path = DI;
			sourceTree = "<group>";
		};
		20A10D1E2295DDFF00D06660 /* Presentation */ = {
			isa = PBXGroup;
			children = (
				AC42435E2291F83E008111FB /* MainTabBarController.swift */,
			);
			path = Presentation;
			sourceTree = "<group>";
		};
		20A10D212295DE6A00D06660 /* Navigator */ = {
			isa = PBXGroup;
			children = (
				20A10D222295DE7700D06660 /* TabBarNavigator.swift */,
			);
			path = Navigator;
			sourceTree = "<group>";
		};
		20A10D262299E75300D06660 /* New Group */ = {
			isa = PBXGroup;
			children = (
				20A10D272299E7B700D06660 /* RegisterService.swift */,
				20A10D292299E7D600D06660 /* SignUpValidator.swift */,
			);
			path = "New Group";
			sourceTree = "<group>";
		};
		6839240370A0464BF606CDBB /* Frameworks */ = {
			isa = PBXGroup;
			children = (
				96928EB2A9A7CEB7190FBB3B /* Pods_JourTrip.framework */,
			);
			name = Frameworks;
			sourceTree = "<group>";
		};
		AC127E65226F9CEB0004C0F1 = {
			isa = PBXGroup;
			children = (
				AC127E70226F9CEB0004C0F1 /* JourTrip */,
				209953762286D374006D6346 /* JourTripTests */,
				AC127E6F226F9CEB0004C0F1 /* Products */,
				CC01FF3739B721C82441008E /* Pods */,
				6839240370A0464BF606CDBB /* Frameworks */,
			);
			sourceTree = "<group>";
		};
		AC127E6F226F9CEB0004C0F1 /* Products */ = {
			isa = PBXGroup;
			children = (
				AC127E6E226F9CEB0004C0F1 /* JourTrip.app */,
				209953752286D374006D6346 /* JourTripTests.xctest */,
			);
			name = Products;
			sourceTree = "<group>";
		};
		AC127E70226F9CEB0004C0F1 /* JourTrip */ = {
			isa = PBXGroup;
			children = (
				209953B52288A5F7006D6346 /* DI */,
				208A16EE227B75E000E36CDF /* Scenes */,
				ACB0F31022735A49006EB545 /* ViewController */,
				ACDF9A52226FA3E900B65291 /* Network */,
				ACDF9A51226FA3DF00B65291 /* Model */,
				ACB0F31322735D5B006EB545 /* Util */,
				2099538722888E1B006D6346 /* Fonts */,
				AC127E71226F9CEB0004C0F1 /* AppDelegate.swift */,
				209953B322889872006D6346 /* App.swift */,
				AC127E78226F9CED0004C0F1 /* Assets.xcassets */,
				AC127E7A226F9CED0004C0F1 /* LaunchScreen.storyboard */,
				AC127E7D226F9CED0004C0F1 /* Info.plist */,
			);
			path = JourTrip;
			sourceTree = "<group>";
		};
		AC4243602292013F008111FB /* Feed */ = {
			isa = PBXGroup;
			children = (
			);
			path = Feed;
			sourceTree = "<group>";
		};
		AC42437722934126008111FB /* Search */ = {
			isa = PBXGroup;
			children = (
				AC42437822934139008111FB /* SearchViewController.swift */,
			);
			path = Search;
			sourceTree = "<group>";
		};
		ACB0F31022735A49006EB545 /* ViewController */ = {
			isa = PBXGroup;
			children = (
				AC42437722934126008111FB /* Search */,
				AC4243602292013F008111FB /* Feed */,
				AC127E73226F9CEB0004C0F1 /* ViewController.swift */,
				ACB0F31122735A6F006EB545 /* BaseViewController.swift */,
			);
			path = ViewController;
			sourceTree = "<group>";
		};
		ACB0F31322735D5B006EB545 /* Util */ = {
			isa = PBXGroup;
			children = (
				ACB0F31422735D6F006EB545 /* DataManager */,
			);
			path = Util;
			sourceTree = "<group>";
		};
		ACB0F31422735D6F006EB545 /* DataManager */ = {
			isa = PBXGroup;
			children = (
				ACB0F31522735D9A006EB545 /* DataManager.swift */,
			);
			path = DataManager;
			sourceTree = "<group>";
		};
		ACDF9A51226FA3DF00B65291 /* Model */ = {
			isa = PBXGroup;
			children = (
				ACDF9A53226FA44800B65291 /* UserRealm.swift */,
				ACDF9A57226FA86800B65291 /* Comment.swift */,
				ACB0F31722747C41006EB545 /* User.swift */,
				ACB0F31B2277A1CA006EB545 /* Locations.swift */,
			);
			path = Model;
			sourceTree = "<group>";
		};
		ACDF9A52226FA3E900B65291 /* Network */ = {
			isa = PBXGroup;
			children = (
				AC4092992272517200BB6F0E /* ConstantNetworking.swift */,
				AC40929B2272528600BB6F0E /* ServiceProxy.swift */,
				AC40929D2272530200BB6F0E /* ServiceError.swift */,
			);
			path = Network;
			sourceTree = "<group>";
		};
		CC01FF3739B721C82441008E /* Pods */ = {
			isa = PBXGroup;
			children = (
				7A4746DF6691D7F14CEA9756 /* Pods-JourTrip.debug.xcconfig */,
				7601EB44264E119BE80FD9F8 /* Pods-JourTrip.release.xcconfig */,
			);
			name = Pods;
			sourceTree = "<group>";
		};
/* End PBXGroup section */

/* Begin PBXNativeTarget section */
		209953742286D374006D6346 /* JourTripTests */ = {
			isa = PBXNativeTarget;
			buildConfigurationList = 2099537C2286D374006D6346 /* Build configuration list for PBXNativeTarget "JourTripTests" */;
			buildPhases = (
				209953712286D374006D6346 /* Sources */,
				209953722286D374006D6346 /* Frameworks */,
				209953732286D374006D6346 /* Resources */,
			);
			buildRules = (
			);
			dependencies = (
				2099537B2286D374006D6346 /* PBXTargetDependency */,
			);
			name = JourTripTests;
			productName = JourTripTests;
			productReference = 209953752286D374006D6346 /* JourTripTests.xctest */;
			productType = "com.apple.product-type.bundle.unit-test";
		};
		AC127E6D226F9CEB0004C0F1 /* JourTrip */ = {
			isa = PBXNativeTarget;
			buildConfigurationList = AC127E80226F9CED0004C0F1 /* Build configuration list for PBXNativeTarget "JourTrip" */;
			buildPhases = (
				84093CED7F6EF76BE3AB458C /* [CP] Check Pods Manifest.lock */,
				AC127E6A226F9CEB0004C0F1 /* Sources */,
				AC127E6B226F9CEB0004C0F1 /* Frameworks */,
				AC127E6C226F9CEB0004C0F1 /* Resources */,
				90012D5F91829D2E92F7A945 /* [CP] Embed Pods Frameworks */,
			);
			buildRules = (
			);
			dependencies = (
			);
			name = JourTrip;
			productName = JourTrip;
			productReference = AC127E6E226F9CEB0004C0F1 /* JourTrip.app */;
			productType = "com.apple.product-type.application";
		};
/* End PBXNativeTarget section */

/* Begin PBXProject section */
		AC127E66226F9CEB0004C0F1 /* Project object */ = {
			isa = PBXProject;
			attributes = {
				LastSwiftUpdateCheck = 1020;
				LastUpgradeCheck = 1000;
				ORGANIZATIONNAME = "Los Zigerianos";
				TargetAttributes = {
					209953742286D374006D6346 = {
						CreatedOnToolsVersion = 10.2.1;
						TestTargetID = AC127E6D226F9CEB0004C0F1;
					};
					AC127E6D226F9CEB0004C0F1 = {
						CreatedOnToolsVersion = 10.0;
					};
				};
			};
			buildConfigurationList = AC127E69226F9CEB0004C0F1 /* Build configuration list for PBXProject "JourTrip" */;
			compatibilityVersion = "Xcode 9.3";
			developmentRegion = en;
			hasScannedForEncodings = 0;
			knownRegions = (
				en,
				Base,
			);
			mainGroup = AC127E65226F9CEB0004C0F1;
			productRefGroup = AC127E6F226F9CEB0004C0F1 /* Products */;
			projectDirPath = "";
			projectRoot = "";
			targets = (
				AC127E6D226F9CEB0004C0F1 /* JourTrip */,
				209953742286D374006D6346 /* JourTripTests */,
			);
		};
/* End PBXProject section */

/* Begin PBXResourcesBuildPhase section */
		209953732286D374006D6346 /* Resources */ = {
			isa = PBXResourcesBuildPhase;
			buildActionMask = 2147483647;
			files = (
			);
			runOnlyForDeploymentPostprocessing = 0;
		};
		AC127E6C226F9CEB0004C0F1 /* Resources */ = {
			isa = PBXResourcesBuildPhase;
			buildActionMask = 2147483647;
			files = (
				20392471227B777D0061E59B /* LoginViewController.xib in Resources */,
				209953A522888E77006D6346 /* Apercu Pro Light Italic.otf in Resources */,
				209953AA22888E77006D6346 /* Apercu Pro Regular.otf in Resources */,
				209953A822888E77006D6346 /* Apercu Pro Medium.otf in Resources */,
				AC127E7C226F9CED0004C0F1 /* LaunchScreen.storyboard in Resources */,
				209953C52288AAAE006D6346 /* SignUpViewController.xib in Resources */,
				2099539C22888E77006D6346 /* Apercu Italic.otf in Resources */,
				AC127E79226F9CED0004C0F1 /* Assets.xcassets in Resources */,
				209953A722888E77006D6346 /* Apercu Pro Medium Italic.otf in Resources */,
				209953A322888E77006D6346 /* Apercu Pro Bold.otf in Resources */,
				209953A922888E77006D6346 /* Apercu Pro Mono.otf in Resources */,
				2099539D22888E77006D6346 /* Apercu Light Italic.otf in Resources */,
				209953A222888E77006D6346 /* Apercu Pro Bold Italic.otf in Resources */,
				2099539B22888E77006D6346 /* Apercu Bold.otf in Resources */,
				2099539F22888E77006D6346 /* Apercu Medium Italic.otf in Resources */,
				209953A622888E77006D6346 /* Apercu Pro Light.otf in Resources */,
				209953AB22888E77006D6346 /* Apercu Regular.otf in Resources */,
				2099539E22888E77006D6346 /* Apercu Light.otf in Resources */,
				209953A422888E77006D6346 /* Apercu Pro Italic.otf in Resources */,
				209953A022888E77006D6346 /* Apercu Medium.otf in Resources */,
				2099538622888114006D6346 /* InitialViewController.xib in Resources */,
				2099539A22888E77006D6346 /* Apercu Bold Italic.otf in Resources */,
				209953A122888E77006D6346 /* Apercu Mono.otf in Resources */,
			);
			runOnlyForDeploymentPostprocessing = 0;
		};
/* End PBXResourcesBuildPhase section */

/* Begin PBXShellScriptBuildPhase section */
		84093CED7F6EF76BE3AB458C /* [CP] Check Pods Manifest.lock */ = {
			isa = PBXShellScriptBuildPhase;
			buildActionMask = 2147483647;
			files = (
			);
			inputFileListPaths = (
			);
			inputPaths = (
				"${PODS_PODFILE_DIR_PATH}/Podfile.lock",
				"${PODS_ROOT}/Manifest.lock",
			);
			name = "[CP] Check Pods Manifest.lock";
			outputFileListPaths = (
			);
			outputPaths = (
				"$(DERIVED_FILE_DIR)/Pods-JourTrip-checkManifestLockResult.txt",
			);
			runOnlyForDeploymentPostprocessing = 0;
			shellPath = /bin/sh;
			shellScript = "diff \"${PODS_PODFILE_DIR_PATH}/Podfile.lock\" \"${PODS_ROOT}/Manifest.lock\" > /dev/null\nif [ $? != 0 ] ; then\n    # print error to STDERR\n    echo \"error: The sandbox is not in sync with the Podfile.lock. Run 'pod install' or update your CocoaPods installation.\" >&2\n    exit 1\nfi\n# This output is used by Xcode 'outputs' to avoid re-running this script phase.\necho \"SUCCESS\" > \"${SCRIPT_OUTPUT_FILE_0}\"\n";
			showEnvVarsInLog = 0;
		};
		90012D5F91829D2E92F7A945 /* [CP] Embed Pods Frameworks */ = {
			isa = PBXShellScriptBuildPhase;
			buildActionMask = 2147483647;
			files = (
			);
			inputFileListPaths = (
			);
			inputPaths = (
				"${SRCROOT}/Pods/Target Support Files/Pods-JourTrip/Pods-JourTrip-frameworks.sh",
				"${BUILT_PRODUCTS_DIR}/Alamofire/Alamofire.framework",
				"${BUILT_PRODUCTS_DIR}/AlamofireObjectMapper/AlamofireObjectMapper.framework",
				"${BUILT_PRODUCTS_DIR}/ObjectMapper/ObjectMapper.framework",
				"${BUILT_PRODUCTS_DIR}/Realm/Realm.framework",
				"${BUILT_PRODUCTS_DIR}/RealmSwift/RealmSwift.framework",
				"${BUILT_PRODUCTS_DIR}/RxCocoa/RxCocoa.framework",
				"${BUILT_PRODUCTS_DIR}/RxSwift/RxSwift.framework",
				"${BUILT_PRODUCTS_DIR}/Simple-KeychainSwift/Simple_KeychainSwift.framework",
			);
			name = "[CP] Embed Pods Frameworks";
			outputFileListPaths = (
			);
			outputPaths = (
				"${TARGET_BUILD_DIR}/${FRAMEWORKS_FOLDER_PATH}/Alamofire.framework",
				"${TARGET_BUILD_DIR}/${FRAMEWORKS_FOLDER_PATH}/AlamofireObjectMapper.framework",
				"${TARGET_BUILD_DIR}/${FRAMEWORKS_FOLDER_PATH}/ObjectMapper.framework",
				"${TARGET_BUILD_DIR}/${FRAMEWORKS_FOLDER_PATH}/Realm.framework",
				"${TARGET_BUILD_DIR}/${FRAMEWORKS_FOLDER_PATH}/RealmSwift.framework",
				"${TARGET_BUILD_DIR}/${FRAMEWORKS_FOLDER_PATH}/RxCocoa.framework",
				"${TARGET_BUILD_DIR}/${FRAMEWORKS_FOLDER_PATH}/RxSwift.framework",
				"${TARGET_BUILD_DIR}/${FRAMEWORKS_FOLDER_PATH}/Simple_KeychainSwift.framework",
			);
			runOnlyForDeploymentPostprocessing = 0;
			shellPath = /bin/sh;
			shellScript = "\"${SRCROOT}/Pods/Target Support Files/Pods-JourTrip/Pods-JourTrip-frameworks.sh\"\n";
			showEnvVarsInLog = 0;
		};
/* End PBXShellScriptBuildPhase section */

/* Begin PBXSourcesBuildPhase section */
		209953712286D374006D6346 /* Sources */ = {
			isa = PBXSourcesBuildPhase;
			buildActionMask = 2147483647;
			files = (
				209953802286D403006D6346 /* LoginValidatorTests.swift in Sources */,
				209953782286D374006D6346 /* JourTripTests.swift in Sources */,
			);
			runOnlyForDeploymentPostprocessing = 0;
		};
		AC127E6A226F9CEB0004C0F1 /* Sources */ = {
			isa = PBXSourcesBuildPhase;
			buildActionMask = 2147483647;
			files = (
				208A16F2227B761B00E36CDF /* LoginViewController.swift in Sources */,
				AC40929E2272530200BB6F0E /* ServiceError.swift in Sources */,
				ACB0F31622735D9A006EB545 /* DataManager.swift in Sources */,
				209953B422889872006D6346 /* App.swift in Sources */,
				ACDF9A58226FA86800B65291 /* Comment.swift in Sources */,
				AC127E74226F9CEB0004C0F1 /* ViewController.swift in Sources */,
				20A10D282299E7B700D06660 /* RegisterService.swift in Sources */,
				209953C92288AE0A006D6346 /* SignUpNavigator.swift in Sources */,
				209953C42288AAAE006D6346 /* SignUpViewController.swift in Sources */,
				20A10D252299E71100D06660 /* SignUpViewModel.swift in Sources */,
				209953B22288965C006D6346 /* InitialViewModel.swift in Sources */,
				ACB0F31222735A6F006EB545 /* BaseViewController.swift in Sources */,
				AC127E72226F9CEB0004C0F1 /* AppDelegate.swift in Sources */,
				209953CB2288AE8A006D6346 /* SignUpAssembly.swift in Sources */,
				ACB0F31C2277A1CA006EB545 /* Locations.swift in Sources */,
				20392473227B81330061E59B /* LoginViewModel.swift in Sources */,
				AC42437922934139008111FB /* SearchViewController.swift in Sources */,
				209953702286D10D006D6346 /* LoginValidator.swift in Sources */,
				AC40929A2272517200BB6F0E /* ConstantNetworking.swift in Sources */,
				AC40929C2272528600BB6F0E /* ServiceProxy.swift in Sources */,
				20A10D2A2299E7D600D06660 /* SignUpValidator.swift in Sources */,
				ACDF9A54226FA44800B65291 /* UserRealm.swift in Sources */,
				209953B02288941C006D6346 /* LoginNavigator.swift in Sources */,
				ACB0F31822747C41006EB545 /* User.swift in Sources */,
				AC42435F2291F83E008111FB /* MainTabBarController.swift in Sources */,
				209953B72288A619006D6346 /* AppAssembly.swift in Sources */,
				20A10D232295DE7700D06660 /* TabBarNavigator.swift in Sources */,
				2099536E2286D0DD006D6346 /* LoginService.swift in Sources */,
				209953C72288AB1F006D6346 /* CustomTextField.swift in Sources */,
				20A10D202295DE2A00D06660 /* TabBarAssembly.swift in Sources */,
				209953BA2288A641006D6346 /* InitialAssembly.swift in Sources */,
				2099538522888114006D6346 /* InitialViewController.swift in Sources */,
				209953BD2288A7B0006D6346 /* LoginAssembly.swift in Sources */,
			);
			runOnlyForDeploymentPostprocessing = 0;
		};
/* End PBXSourcesBuildPhase section */

/* Begin PBXTargetDependency section */
		2099537B2286D374006D6346 /* PBXTargetDependency */ = {
			isa = PBXTargetDependency;
			target = AC127E6D226F9CEB0004C0F1 /* JourTrip */;
			targetProxy = 2099537A2286D374006D6346 /* PBXContainerItemProxy */;
		};
/* End PBXTargetDependency section */

/* Begin PBXVariantGroup section */
		AC127E7A226F9CED0004C0F1 /* LaunchScreen.storyboard */ = {
			isa = PBXVariantGroup;
			children = (
				AC127E7B226F9CED0004C0F1 /* Base */,
			);
			name = LaunchScreen.storyboard;
			sourceTree = "<group>";
		};
/* End PBXVariantGroup section */

/* Begin XCBuildConfiguration section */
		2099537D2286D374006D6346 /* Debug */ = {
			isa = XCBuildConfiguration;
			buildSettings = {
				BUNDLE_LOADER = "$(TEST_HOST)";
				CODE_SIGN_STYLE = Automatic;
				DEVELOPMENT_TEAM = 6SZ9MGTL76;
				INFOPLIST_FILE = JourTripTests/Info.plist;
				IPHONEOS_DEPLOYMENT_TARGET = 12.2;
				LD_RUNPATH_SEARCH_PATHS = (
					"$(inherited)",
					"@executable_path/Frameworks",
					"@loader_path/Frameworks",
				);
				PRODUCT_BUNDLE_IDENTIFIER = com.adsilva.JourTripTests;
				PRODUCT_NAME = "$(TARGET_NAME)";
				SWIFT_VERSION = 5.0;
				TARGETED_DEVICE_FAMILY = "1,2";
				TEST_HOST = "$(BUILT_PRODUCTS_DIR)/JourTrip.app/JourTrip";
			};
			name = Debug;
		};
		2099537E2286D374006D6346 /* Release */ = {
			isa = XCBuildConfiguration;
			buildSettings = {
				BUNDLE_LOADER = "$(TEST_HOST)";
				CODE_SIGN_STYLE = Automatic;
				DEVELOPMENT_TEAM = 6SZ9MGTL76;
				INFOPLIST_FILE = JourTripTests/Info.plist;
				IPHONEOS_DEPLOYMENT_TARGET = 12.2;
				LD_RUNPATH_SEARCH_PATHS = (
					"$(inherited)",
					"@executable_path/Frameworks",
					"@loader_path/Frameworks",
				);
				PRODUCT_BUNDLE_IDENTIFIER = com.adsilva.JourTripTests;
				PRODUCT_NAME = "$(TARGET_NAME)";
				SWIFT_VERSION = 5.0;
				TARGETED_DEVICE_FAMILY = "1,2";
				TEST_HOST = "$(BUILT_PRODUCTS_DIR)/JourTrip.app/JourTrip";
			};
			name = Release;
		};
		AC127E7E226F9CED0004C0F1 /* Debug */ = {
			isa = XCBuildConfiguration;
			buildSettings = {
				ALWAYS_SEARCH_USER_PATHS = NO;
				CLANG_ANALYZER_NONNULL = YES;
				CLANG_ANALYZER_NUMBER_OBJECT_CONVERSION = YES_AGGRESSIVE;
				CLANG_CXX_LANGUAGE_STANDARD = "gnu++14";
				CLANG_CXX_LIBRARY = "libc++";
				CLANG_ENABLE_MODULES = YES;
				CLANG_ENABLE_OBJC_ARC = YES;
				CLANG_ENABLE_OBJC_WEAK = YES;
				CLANG_WARN_BLOCK_CAPTURE_AUTORELEASING = YES;
				CLANG_WARN_BOOL_CONVERSION = YES;
				CLANG_WARN_COMMA = YES;
				CLANG_WARN_CONSTANT_CONVERSION = YES;
				CLANG_WARN_DEPRECATED_OBJC_IMPLEMENTATIONS = YES;
				CLANG_WARN_DIRECT_OBJC_ISA_USAGE = YES_ERROR;
				CLANG_WARN_DOCUMENTATION_COMMENTS = YES;
				CLANG_WARN_EMPTY_BODY = YES;
				CLANG_WARN_ENUM_CONVERSION = YES;
				CLANG_WARN_INFINITE_RECURSION = YES;
				CLANG_WARN_INT_CONVERSION = YES;
				CLANG_WARN_NON_LITERAL_NULL_CONVERSION = YES;
				CLANG_WARN_OBJC_IMPLICIT_RETAIN_SELF = YES;
				CLANG_WARN_OBJC_LITERAL_CONVERSION = YES;
				CLANG_WARN_OBJC_ROOT_CLASS = YES_ERROR;
				CLANG_WARN_RANGE_LOOP_ANALYSIS = YES;
				CLANG_WARN_STRICT_PROTOTYPES = YES;
				CLANG_WARN_SUSPICIOUS_MOVE = YES;
				CLANG_WARN_UNGUARDED_AVAILABILITY = YES_AGGRESSIVE;
				CLANG_WARN_UNREACHABLE_CODE = YES;
				CLANG_WARN__DUPLICATE_METHOD_MATCH = YES;
				CODE_SIGN_IDENTITY = "iPhone Developer";
				COPY_PHASE_STRIP = NO;
				DEBUG_INFORMATION_FORMAT = dwarf;
				ENABLE_STRICT_OBJC_MSGSEND = YES;
				ENABLE_TESTABILITY = YES;
				GCC_C_LANGUAGE_STANDARD = gnu11;
				GCC_DYNAMIC_NO_PIC = NO;
				GCC_NO_COMMON_BLOCKS = YES;
				GCC_OPTIMIZATION_LEVEL = 0;
				GCC_PREPROCESSOR_DEFINITIONS = (
					"DEBUG=1",
					"$(inherited)",
				);
				GCC_WARN_64_TO_32_BIT_CONVERSION = YES;
				GCC_WARN_ABOUT_RETURN_TYPE = YES_ERROR;
				GCC_WARN_UNDECLARED_SELECTOR = YES;
				GCC_WARN_UNINITIALIZED_AUTOS = YES_AGGRESSIVE;
				GCC_WARN_UNUSED_FUNCTION = YES;
				GCC_WARN_UNUSED_VARIABLE = YES;
				IPHONEOS_DEPLOYMENT_TARGET = 12.0;
				MTL_ENABLE_DEBUG_INFO = INCLUDE_SOURCE;
				MTL_FAST_MATH = YES;
				ONLY_ACTIVE_ARCH = YES;
				SDKROOT = iphoneos;
				SWIFT_ACTIVE_COMPILATION_CONDITIONS = DEBUG;
				SWIFT_OPTIMIZATION_LEVEL = "-Onone";
			};
			name = Debug;
		};
		AC127E7F226F9CED0004C0F1 /* Release */ = {
			isa = XCBuildConfiguration;
			buildSettings = {
				ALWAYS_SEARCH_USER_PATHS = NO;
				CLANG_ANALYZER_NONNULL = YES;
				CLANG_ANALYZER_NUMBER_OBJECT_CONVERSION = YES_AGGRESSIVE;
				CLANG_CXX_LANGUAGE_STANDARD = "gnu++14";
				CLANG_CXX_LIBRARY = "libc++";
				CLANG_ENABLE_MODULES = YES;
				CLANG_ENABLE_OBJC_ARC = YES;
				CLANG_ENABLE_OBJC_WEAK = YES;
				CLANG_WARN_BLOCK_CAPTURE_AUTORELEASING = YES;
				CLANG_WARN_BOOL_CONVERSION = YES;
				CLANG_WARN_COMMA = YES;
				CLANG_WARN_CONSTANT_CONVERSION = YES;
				CLANG_WARN_DEPRECATED_OBJC_IMPLEMENTATIONS = YES;
				CLANG_WARN_DIRECT_OBJC_ISA_USAGE = YES_ERROR;
				CLANG_WARN_DOCUMENTATION_COMMENTS = YES;
				CLANG_WARN_EMPTY_BODY = YES;
				CLANG_WARN_ENUM_CONVERSION = YES;
				CLANG_WARN_INFINITE_RECURSION = YES;
				CLANG_WARN_INT_CONVERSION = YES;
				CLANG_WARN_NON_LITERAL_NULL_CONVERSION = YES;
				CLANG_WARN_OBJC_IMPLICIT_RETAIN_SELF = YES;
				CLANG_WARN_OBJC_LITERAL_CONVERSION = YES;
				CLANG_WARN_OBJC_ROOT_CLASS = YES_ERROR;
				CLANG_WARN_RANGE_LOOP_ANALYSIS = YES;
				CLANG_WARN_STRICT_PROTOTYPES = YES;
				CLANG_WARN_SUSPICIOUS_MOVE = YES;
				CLANG_WARN_UNGUARDED_AVAILABILITY = YES_AGGRESSIVE;
				CLANG_WARN_UNREACHABLE_CODE = YES;
				CLANG_WARN__DUPLICATE_METHOD_MATCH = YES;
				CODE_SIGN_IDENTITY = "iPhone Developer";
				COPY_PHASE_STRIP = NO;
				DEBUG_INFORMATION_FORMAT = "dwarf-with-dsym";
				ENABLE_NS_ASSERTIONS = NO;
				ENABLE_STRICT_OBJC_MSGSEND = YES;
				GCC_C_LANGUAGE_STANDARD = gnu11;
				GCC_NO_COMMON_BLOCKS = YES;
				GCC_WARN_64_TO_32_BIT_CONVERSION = YES;
				GCC_WARN_ABOUT_RETURN_TYPE = YES_ERROR;
				GCC_WARN_UNDECLARED_SELECTOR = YES;
				GCC_WARN_UNINITIALIZED_AUTOS = YES_AGGRESSIVE;
				GCC_WARN_UNUSED_FUNCTION = YES;
				GCC_WARN_UNUSED_VARIABLE = YES;
				IPHONEOS_DEPLOYMENT_TARGET = 12.0;
				MTL_ENABLE_DEBUG_INFO = NO;
				MTL_FAST_MATH = YES;
				SDKROOT = iphoneos;
				SWIFT_COMPILATION_MODE = wholemodule;
				SWIFT_OPTIMIZATION_LEVEL = "-O";
				VALIDATE_PRODUCT = YES;
			};
			name = Release;
		};
		AC127E81226F9CED0004C0F1 /* Debug */ = {
			isa = XCBuildConfiguration;
			baseConfigurationReference = 7A4746DF6691D7F14CEA9756 /* Pods-JourTrip.debug.xcconfig */;
			buildSettings = {
				ASSETCATALOG_COMPILER_APPICON_NAME = AppIcon;
				CODE_SIGN_STYLE = Automatic;
				DEVELOPMENT_TEAM = 3NZN8QHW8P;
				INFOPLIST_FILE = JourTrip/Info.plist;
				LD_RUNPATH_SEARCH_PATHS = (
					"$(inherited)",
					"@executable_path/Frameworks",
				);
				PRODUCT_BUNDLE_IDENTIFIER = com.loszigerianos.JourTrip;
				PRODUCT_NAME = "$(TARGET_NAME)";
				SWIFT_VERSION = 4.2;
				TARGETED_DEVICE_FAMILY = "1,2";
			};
			name = Debug;
		};
		AC127E82226F9CED0004C0F1 /* Release */ = {
			isa = XCBuildConfiguration;
			baseConfigurationReference = 7601EB44264E119BE80FD9F8 /* Pods-JourTrip.release.xcconfig */;
			buildSettings = {
				ASSETCATALOG_COMPILER_APPICON_NAME = AppIcon;
				CODE_SIGN_STYLE = Automatic;
				DEVELOPMENT_TEAM = 3NZN8QHW8P;
				INFOPLIST_FILE = JourTrip/Info.plist;
				LD_RUNPATH_SEARCH_PATHS = (
					"$(inherited)",
					"@executable_path/Frameworks",
				);
				PRODUCT_BUNDLE_IDENTIFIER = com.loszigerianos.JourTrip;
				PRODUCT_NAME = "$(TARGET_NAME)";
				SWIFT_VERSION = 4.2;
				TARGETED_DEVICE_FAMILY = "1,2";
			};
			name = Release;
		};
/* End XCBuildConfiguration section */

/* Begin XCConfigurationList section */
		2099537C2286D374006D6346 /* Build configuration list for PBXNativeTarget "JourTripTests" */ = {
			isa = XCConfigurationList;
			buildConfigurations = (
				2099537D2286D374006D6346 /* Debug */,
				2099537E2286D374006D6346 /* Release */,
			);
			defaultConfigurationIsVisible = 0;
			defaultConfigurationName = Release;
		};
		AC127E69226F9CEB0004C0F1 /* Build configuration list for PBXProject "JourTrip" */ = {
			isa = XCConfigurationList;
			buildConfigurations = (
				AC127E7E226F9CED0004C0F1 /* Debug */,
				AC127E7F226F9CED0004C0F1 /* Release */,
			);
			defaultConfigurationIsVisible = 0;
			defaultConfigurationName = Release;
		};
		AC127E80226F9CED0004C0F1 /* Build configuration list for PBXNativeTarget "JourTrip" */ = {
			isa = XCConfigurationList;
			buildConfigurations = (
				AC127E81226F9CED0004C0F1 /* Debug */,
				AC127E82226F9CED0004C0F1 /* Release */,
			);
			defaultConfigurationIsVisible = 0;
			defaultConfigurationName = Release;
		};
/* End XCConfigurationList section */
	};
	rootObject = AC127E66226F9CEB0004C0F1 /* Project object */;
}
